
Microsoft Visual Studio Solution File, Format Version 12.00
# Visual Studio Version 16
VisualStudioVersion = 16.0.31105.61
MinimumVisualStudioVersion = 10.0.40219.1
Project("{FAE04EC0-301F-11D3-BF4B-00C04F79EFBC}") = "List", "List\List.csproj", "{1A2597CF-C9D4-49D4-AA6D-9797EED89828}"
EndProject
Global
	GlobalSection(SolutionConfigurationPlatforms) = preSolution
		Debug|Any CPU = Debug|Any CPU
		Release|Any CPU = Release|Any CPU
	EndGlobalSection
	GlobalSection(ProjectConfigurationPlatforms) = postSolution
		{1A2597CF-C9D4-49D4-AA6D-9797EED89828}.Debug|Any CPU.ActiveCfg = Debug|Any CPU
		{1A2597CF-C9D4-49D4-AA6D-9797EED89828}.Debug|Any CPU.Build.0 = Debug|Any CPU
		{1A2597CF-C9D4-49D4-AA6D-9797EED89828}.Release|Any CPU.ActiveCfg = Release|Any CPU
		{1A2597CF-C9D4-49D4-AA6D-9797EED89828}.Release|Any CPU.Build.0 = Release|Any CPU
	EndGlobalSection
	GlobalSection(SolutionProperties) = preSolution
		HideSolutionNode = FALSE
	EndGlobalSection
	GlobalSection(ExtensibilityGlobals) = postSolution
		SolutionGuid = {B9D47070-9E3E-4FBB-970B-4029944CDEBC}
	EndGlobalSection
EndGlobal
